
Microsoft Visual Studio Solution File, Format Version 12.00
# Visual Studio Version 17
VisualStudioVersion = 17.9.34607.119
MinimumVisualStudioVersion = 10.0.40219.1
Project("{9A19103F-16F7-4668-BE54-9A1E7A4F7556}") = "CalcAreaLib", "CalcAreaLib\CalcAreaLib.csproj", "{5884D535-1BEE-41DB-BD30-ADA61027C1EB}"
EndProject
Project("{FAE04EC0-301F-11D3-BF4B-00C04F79EFBC}") = "CalcAreaTests", "CalcAreaTests\CalcAreaTests.csproj", "{0D44F685-1BDA-4266-838D-DA13993F6A22}"
EndProject
Global
	GlobalSection(SolutionConfigurationPlatforms) = preSolution
		Debug|Any CPU = Debug|Any CPU
		Release|Any CPU = Release|Any CPU
	EndGlobalSection
	GlobalSection(ProjectConfigurationPlatforms) = postSolution
		{5884D535-1BEE-41DB-BD30-ADA61027C1EB}.Debug|Any CPU.ActiveCfg = Debug|Any CPU
		{5884D535-1BEE-41DB-BD30-ADA61027C1EB}.Debug|Any CPU.Build.0 = Debug|Any CPU
		{5884D535-1BEE-41DB-BD30-ADA61027C1EB}.Release|Any CPU.ActiveCfg = Release|Any CPU
		{5884D535-1BEE-41DB-BD30-ADA61027C1EB}.Release|Any CPU.Build.0 = Release|Any CPU
		{0D44F685-1BDA-4266-838D-DA13993F6A22}.Debug|Any CPU.ActiveCfg = Debug|Any CPU
		{0D44F685-1BDA-4266-838D-DA13993F6A22}.Debug|Any CPU.Build.0 = Debug|Any CPU
		{0D44F685-1BDA-4266-838D-DA13993F6A22}.Release|Any CPU.ActiveCfg = Release|Any CPU
		{0D44F685-1BDA-4266-838D-DA13993F6A22}.Release|Any CPU.Build.0 = Release|Any CPU
	EndGlobalSection
	GlobalSection(SolutionProperties) = preSolution
		HideSolutionNode = FALSE
	EndGlobalSection
	GlobalSection(ExtensibilityGlobals) = postSolution
		SolutionGuid = {C56A02AA-B05B-42E4-AB48-FA01302BFB26}
	EndGlobalSection
EndGlobal
